
Microsoft Visual Studio Solution File, Format Version 12.00
# Visual Studio Version 17
VisualStudioVersion = 17.14.36429.23
MinimumVisualStudioVersion = 10.0.40219.1
Project("{8BC9CEB8-8B4A-11D0-8D11-00A0C91BC942}") = "Merhaba_Dunya", "Merhaba_Dunya.vcxproj", "{E2F4460B-AB9C-49C5-B71B-864E5BC93A6C}"
EndProject
Project("{8BC9CEB8-8B4A-11D0-8D11-00A0C91BC942}") = "Degiskenler", "..\Degiskenler\Degiskenler.vcxproj", "{BF0881EA-0010-416C-8670-1E3159F02845}"
EndProject
Project("{8BC9CEB8-8B4A-11D0-8D11-00A0C91BC942}") = "Operatorler", "..\Operatorler\Operatorler.vcxproj", "{283F5B56-4A88-41B8-A79B-879FF9A6AD87}"
EndProject
Project("{8BC9CEB8-8B4A-11D0-8D11-00A0C91BC942}") = "Degisken ve Ram", "..\Degisken ve Ram\Degisken ve Ram.vcxproj", "{89F5A551-A778-4CC6-8767-95DDD516223A}"
EndProject
Project("{8BC9CEB8-8B4A-11D0-8D11-00A0C91BC942}") = "Fonksiyonlar", "..\Fonksiyonlar\Fonksiyonlar.vcxproj", "{B42D06BB-6D17-43DF-8DCC-17885DBE2C56}"
EndProject
Project("{8BC9CEB8-8B4A-11D0-8D11-00A0C91BC942}") = "Fonksiyon CallBack", "..\Fonksiyon CallBack\Fonksiyon CallBack.vcxproj", "{4EBA1A4B-1090-4B0A-B375-BCD545AE4C34}"
EndProject
Project("{8BC9CEB8-8B4A-11D0-8D11-00A0C91BC942}") = "Satır İci Fonksiyon", "..\Satır İci Fonksiyon\Satır İci Fonksiyon.vcxproj", "{2E5771A1-F150-4750-B984-272660B45CE6}"
EndProject
Project("{8BC9CEB8-8B4A-11D0-8D11-00A0C91BC942}") = "Switch Kullanimi", "..\Switch Kullanimi\Switch Kullanimi.vcxproj", "{FAF19AB0-1201-440C-AECA-395B3CC98BB1}"
EndProject
Project("{8BC9CEB8-8B4A-11D0-8D11-00A0C91BC942}") = "For Kullanimi", "..\For Kullanimi\For Kullanimi.vcxproj", "{BE63150B-4030-4BCF-AE3B-1C7564F2D623}"
EndProject
Project("{8BC9CEB8-8B4A-11D0-8D11-00A0C91BC942}") = "While Kullanimi", "..\While Kullanimi\While Kullanimi.vcxproj", "{F5BA511A-459A-46A6-AC4F-BA73B99C9AB2}"
EndProject
Project("{8BC9CEB8-8B4A-11D0-8D11-00A0C91BC942}") = "Do-While Kullanimi", "..\Do-While Kullanimi\Do-While Kullanimi.vcxproj", "{24F4A5A3-0CF2-4B94-9DC0-6CD00D9D8214}"
EndProject
Project("{8BC9CEB8-8B4A-11D0-8D11-00A0C91BC942}") = "if Kullanimi", "..\if Kullanimi\if Kullanimi.vcxproj", "{F61FA07E-1CC8-4D6E-B901-ACD8B8EDCEA8}"
EndProject
Project("{8BC9CEB8-8B4A-11D0-8D11-00A0C91BC942}") = "Diziler", "..\Diziler\Diziler.vcxproj", "{83FDBEFF-A8A1-4072-8AD7-B11AF037C6FB}"
EndProject
Project("{8BC9CEB8-8B4A-11D0-8D11-00A0C91BC942}") = "İc İce Diziler", "..\İc İce Diziler\İc İce Diziler.vcxproj", "{F0C85C0D-76DC-42CD-95D1-EA146F60ED20}"
EndProject
Project("{8BC9CEB8-8B4A-11D0-8D11-00A0C91BC942}") = "Siniflar", "..\Siniflar\Siniflar.vcxproj", "{6C13754E-3303-44D1-B953-1EDD77F27F47}"
EndProject
Project("{8BC9CEB8-8B4A-11D0-8D11-00A0C91BC942}") = "Kalitim", "..\Kalitim\Kalitim.vcxproj", "{F05E0871-5A1B-4D26-A5DB-9D0A7D4928E8}"
EndProject
Project("{8BC9CEB8-8B4A-11D0-8D11-00A0C91BC942}") = "Kapsulleme", "..\Kapsulleme\Kapsulleme.vcxproj", "{54D1A525-BE9E-464E-B7EF-9C4A1B5A1D7D}"
EndProject
Project("{8BC9CEB8-8B4A-11D0-8D11-00A0C91BC942}") = "Cok Bicimlilik", "..\Cok Bicimlilik\Cok Bicimlilik.vcxproj", "{B90C6D13-D855-40E9-8763-EAFC285AFBE2}"
EndProject
Project("{8BC9CEB8-8B4A-11D0-8D11-00A0C91BC942}") = "Soyutlama", "..\Soyutlama\Soyutlama.vcxproj", "{048A903D-0224-4C54-AE51-EB1107ACA6D1}"
EndProject
Project("{8BC9CEB8-8B4A-11D0-8D11-00A0C91BC942}") = "Istisnalar", "..\Istisnalar\Istisnalar.vcxproj", "{A9E78084-25D8-42B9-ACE3-037132720D90}"
EndProject
Project("{8BC9CEB8-8B4A-11D0-8D11-00A0C91BC942}") = "Sablon Olusturma", "..\Sablon Olusturma\Sablon Olusturma.vcxproj", "{F0BE89F6-57B2-42D8-A82B-C148C8EB0F90}"
EndProject
Project("{8BC9CEB8-8B4A-11D0-8D11-00A0C91BC942}") = "Bellek Yonetimi", "..\Bellek Yonetimi\Bellek Yonetimi.vcxproj", "{5630AF3E-4CFA-4D67-9F80-351F43C13EEB}"
EndProject
Project("{8BC9CEB8-8B4A-11D0-8D11-00A0C91BC942}") = "Onislemci", "..\Onislemci\Onislemci.vcxproj", "{046DCE06-DCA8-4B1B-BA85-39267AB37CEA}"
EndProject
Project("{8BC9CEB8-8B4A-11D0-8D11-00A0C91BC942}") = "Hazır Kutuphane Kullanimi", "..\Hazır Kutuphane Kullanimi\Hazır Kutuphane Kullanimi.vcxproj", "{EA02BF02-4FAB-472F-B88D-680878D2E9AB}"
EndProject
Global
	GlobalSection(SolutionConfigurationPlatforms) = preSolution
		Debug|x64 = Debug|x64
		Debug|x86 = Debug|x86
		Release|x64 = Release|x64
		Release|x86 = Release|x86
	EndGlobalSection
	GlobalSection(ProjectConfigurationPlatforms) = postSolution
		{E2F4460B-AB9C-49C5-B71B-864E5BC93A6C}.Debug|x64.ActiveCfg = Debug|x64
		{E2F4460B-AB9C-49C5-B71B-864E5BC93A6C}.Debug|x64.Build.0 = Debug|x64
		{E2F4460B-AB9C-49C5-B71B-864E5BC93A6C}.Debug|x86.ActiveCfg = Debug|Win32
		{E2F4460B-AB9C-49C5-B71B-864E5BC93A6C}.Debug|x86.Build.0 = Debug|Win32
		{E2F4460B-AB9C-49C5-B71B-864E5BC93A6C}.Release|x64.ActiveCfg = Release|x64
		{E2F4460B-AB9C-49C5-B71B-864E5BC93A6C}.Release|x64.Build.0 = Release|x64
		{E2F4460B-AB9C-49C5-B71B-864E5BC93A6C}.Release|x86.ActiveCfg = Release|Win32
		{E2F4460B-AB9C-49C5-B71B-864E5BC93A6C}.Release|x86.Build.0 = Release|Win32
		{BF0881EA-0010-416C-8670-1E3159F02845}.Debug|x64.ActiveCfg = Debug|x64
		{BF0881EA-0010-416C-8670-1E3159F02845}.Debug|x64.Build.0 = Debug|x64
		{BF0881EA-0010-416C-8670-1E3159F02845}.Debug|x86.ActiveCfg = Debug|Win32
		{BF0881EA-0010-416C-8670-1E3159F02845}.Debug|x86.Build.0 = Debug|Win32
		{BF0881EA-0010-416C-8670-1E3159F02845}.Release|x64.ActiveCfg = Release|x64
		{BF0881EA-0010-416C-8670-1E3159F02845}.Release|x64.Build.0 = Release|x64
		{BF0881EA-0010-416C-8670-1E3159F02845}.Release|x86.ActiveCfg = Release|Win32
		{BF0881EA-0010-416C-8670-1E3159F02845}.Release|x86.Build.0 = Release|Win32
		{283F5B56-4A88-41B8-A79B-879FF9A6AD87}.Debug|x64.ActiveCfg = Debug|x64
		{283F5B56-4A88-41B8-A79B-879FF9A6AD87}.Debug|x64.Build.0 = Debug|x64
		{283F5B56-4A88-41B8-A79B-879FF9A6AD87}.Debug|x86.ActiveCfg = Debug|Win32
		{283F5B56-4A88-41B8-A79B-879FF9A6AD87}.Debug|x86.Build.0 = Debug|Win32
		{283F5B56-4A88-41B8-A79B-879FF9A6AD87}.Release|x64.ActiveCfg = Release|x64
		{283F5B56-4A88-41B8-A79B-879FF9A6AD87}.Release|x64.Build.0 = Release|x64
		{283F5B56-4A88-41B8-A79B-879FF9A6AD87}.Release|x86.ActiveCfg = Release|Win32
		{283F5B56-4A88-41B8-A79B-879FF9A6AD87}.Release|x86.Build.0 = Release|Win32
		{89F5A551-A778-4CC6-8767-95DDD516223A}.Debug|x64.ActiveCfg = Debug|x64
		{89F5A551-A778-4CC6-8767-95DDD516223A}.Debug|x64.Build.0 = Debug|x64
		{89F5A551-A778-4CC6-8767-95DDD516223A}.Debug|x86.ActiveCfg = Debug|Win32
		{89F5A551-A778-4CC6-8767-95DDD516223A}.Debug|x86.Build.0 = Debug|Win32
		{89F5A551-A778-4CC6-8767-95DDD516223A}.Release|x64.ActiveCfg = Release|x64
		{89F5A551-A778-4CC6-8767-95DDD516223A}.Release|x64.Build.0 = Release|x64
		{89F5A551-A778-4CC6-8767-95DDD516223A}.Release|x86.ActiveCfg = Release|Win32
		{89F5A551-A778-4CC6-8767-95DDD516223A}.Release|x86.Build.0 = Release|Win32
		{B42D06BB-6D17-43DF-8DCC-17885DBE2C56}.Debug|x64.ActiveCfg = Debug|x64
		{B42D06BB-6D17-43DF-8DCC-17885DBE2C56}.Debug|x64.Build.0 = Debug|x64
		{B42D06BB-6D17-43DF-8DCC-17885DBE2C56}.Debug|x86.ActiveCfg = Debug|Win32
		{B42D06BB-6D17-43DF-8DCC-17885DBE2C56}.Debug|x86.Build.0 = Debug|Win32
		{B42D06BB-6D17-43DF-8DCC-17885DBE2C56}.Release|x64.ActiveCfg = Release|x64
		{B42D06BB-6D17-43DF-8DCC-17885DBE2C56}.Release|x64.Build.0 = Release|x64
		{B42D06BB-6D17-43DF-8DCC-17885DBE2C56}.Release|x86.ActiveCfg = Release|Win32
		{B42D06BB-6D17-43DF-8DCC-17885DBE2C56}.Release|x86.Build.0 = Release|Win32
		{4EBA1A4B-1090-4B0A-B375-BCD545AE4C34}.Debug|x64.ActiveCfg = Debug|x64
		{4EBA1A4B-1090-4B0A-B375-BCD545AE4C34}.Debug|x64.Build.0 = Debug|x64
		{4EBA1A4B-1090-4B0A-B375-BCD545AE4C34}.Debug|x86.ActiveCfg = Debug|Win32
		{4EBA1A4B-1090-4B0A-B375-BCD545AE4C34}.Debug|x86.Build.0 = Debug|Win32
		{4EBA1A4B-1090-4B0A-B375-BCD545AE4C34}.Release|x64.ActiveCfg = Release|x64
		{4EBA1A4B-1090-4B0A-B375-BCD545AE4C34}.Release|x64.Build.0 = Release|x64
		{4EBA1A4B-1090-4B0A-B375-BCD545AE4C34}.Release|x86.ActiveCfg = Release|Win32
		{4EBA1A4B-1090-4B0A-B375-BCD545AE4C34}.Release|x86.Build.0 = Release|Win32
		{2E5771A1-F150-4750-B984-272660B45CE6}.Debug|x64.ActiveCfg = Debug|x64
		{2E5771A1-F150-4750-B984-272660B45CE6}.Debug|x64.Build.0 = Debug|x64
		{2E5771A1-F150-4750-B984-272660B45CE6}.Debug|x86.ActiveCfg = Debug|Win32
		{2E5771A1-F150-4750-B984-272660B45CE6}.Debug|x86.Build.0 = Debug|Win32
		{2E5771A1-F150-4750-B984-272660B45CE6}.Release|x64.ActiveCfg = Release|x64
		{2E5771A1-F150-4750-B984-272660B45CE6}.Release|x64.Build.0 = Release|x64
		{2E5771A1-F150-4750-B984-272660B45CE6}.Release|x86.ActiveCfg = Release|Win32
		{2E5771A1-F150-4750-B984-272660B45CE6}.Release|x86.Build.0 = Release|Win32
		{FAF19AB0-1201-440C-AECA-395B3CC98BB1}.Debug|x64.ActiveCfg = Debug|x64
		{FAF19AB0-1201-440C-AECA-395B3CC98BB1}.Debug|x64.Build.0 = Debug|x64
		{FAF19AB0-1201-440C-AECA-395B3CC98BB1}.Debug|x86.ActiveCfg = Debug|Win32
		{FAF19AB0-1201-440C-AECA-395B3CC98BB1}.Debug|x86.Build.0 = Debug|Win32
		{FAF19AB0-1201-440C-AECA-395B3CC98BB1}.Release|x64.ActiveCfg = Release|x64
		{FAF19AB0-1201-440C-AECA-395B3CC98BB1}.Release|x64.Build.0 = Release|x64
		{FAF19AB0-1201-440C-AECA-395B3CC98BB1}.Release|x86.ActiveCfg = Release|Win32
		{FAF19AB0-1201-440C-AECA-395B3CC98BB1}.Release|x86.Build.0 = Release|Win32
		{BE63150B-4030-4BCF-AE3B-1C7564F2D623}.Debug|x64.ActiveCfg = Debug|x64
		{BE63150B-4030-4BCF-AE3B-1C7564F2D623}.Debug|x64.Build.0 = Debug|x64
		{BE63150B-4030-4BCF-AE3B-1C7564F2D623}.Debug|x86.ActiveCfg = Debug|Win32
		{BE63150B-4030-4BCF-AE3B-1C7564F2D623}.Debug|x86.Build.0 = Debug|Win32
		{BE63150B-4030-4BCF-AE3B-1C7564F2D623}.Release|x64.ActiveCfg = Release|x64
		{BE63150B-4030-4BCF-AE3B-1C7564F2D623}.Release|x64.Build.0 = Release|x64
		{BE63150B-4030-4BCF-AE3B-1C7564F2D623}.Release|x86.ActiveCfg = Release|Win32
		{BE63150B-4030-4BCF-AE3B-1C7564F2D623}.Release|x86.Build.0 = Release|Win32
		{F5BA511A-459A-46A6-AC4F-BA73B99C9AB2}.Debug|x64.ActiveCfg = Debug|x64
		{F5BA511A-459A-46A6-AC4F-BA73B99C9AB2}.Debug|x64.Build.0 = Debug|x64
		{F5BA511A-459A-46A6-AC4F-BA73B99C9AB2}.Debug|x86.ActiveCfg = Debug|Win32
		{F5BA511A-459A-46A6-AC4F-BA73B99C9AB2}.Debug|x86.Build.0 = Debug|Win32
		{F5BA511A-459A-46A6-AC4F-BA73B99C9AB2}.Release|x64.ActiveCfg = Release|x64
		{F5BA511A-459A-46A6-AC4F-BA73B99C9AB2}.Release|x64.Build.0 = Release|x64
		{F5BA511A-459A-46A6-AC4F-BA73B99C9AB2}.Release|x86.ActiveCfg = Release|Win32
		{F5BA511A-459A-46A6-AC4F-BA73B99C9AB2}.Release|x86.Build.0 = Release|Win32
		{24F4A5A3-0CF2-4B94-9DC0-6CD00D9D8214}.Debug|x64.ActiveCfg = Debug|x64
		{24F4A5A3-0CF2-4B94-9DC0-6CD00D9D8214}.Debug|x64.Build.0 = Debug|x64
		{24F4A5A3-0CF2-4B94-9DC0-6CD00D9D8214}.Debug|x86.ActiveCfg = Debug|Win32
		{24F4A5A3-0CF2-4B94-9DC0-6CD00D9D8214}.Debug|x86.Build.0 = Debug|Win32
		{24F4A5A3-0CF2-4B94-9DC0-6CD00D9D8214}.Release|x64.ActiveCfg = Release|x64
		{24F4A5A3-0CF2-4B94-9DC0-6CD00D9D8214}.Release|x64.Build.0 = Release|x64
		{24F4A5A3-0CF2-4B94-9DC0-6CD00D9D8214}.Release|x86.ActiveCfg = Release|Win32
		{24F4A5A3-0CF2-4B94-9DC0-6CD00D9D8214}.Release|x86.Build.0 = Release|Win32
		{F61FA07E-1CC8-4D6E-B901-ACD8B8EDCEA8}.Debug|x64.ActiveCfg = Debug|x64
		{F61FA07E-1CC8-4D6E-B901-ACD8B8EDCEA8}.Debug|x64.Build.0 = Debug|x64
		{F61FA07E-1CC8-4D6E-B901-ACD8B8EDCEA8}.Debug|x86.ActiveCfg = Debug|Win32
		{F61FA07E-1CC8-4D6E-B901-ACD8B8EDCEA8}.Debug|x86.Build.0 = Debug|Win32
		{F61FA07E-1CC8-4D6E-B901-ACD8B8EDCEA8}.Release|x64.ActiveCfg = Release|x64
		{F61FA07E-1CC8-4D6E-B901-ACD8B8EDCEA8}.Release|x64.Build.0 = Release|x64
		{F61FA07E-1CC8-4D6E-B901-ACD8B8EDCEA8}.Release|x86.ActiveCfg = Release|Win32
		{F61FA07E-1CC8-4D6E-B901-ACD8B8EDCEA8}.Release|x86.Build.0 = Release|Win32
		{83FDBEFF-A8A1-4072-8AD7-B11AF037C6FB}.Debug|x64.ActiveCfg = Debug|x64
		{83FDBEFF-A8A1-4072-8AD7-B11AF037C6FB}.Debug|x64.Build.0 = Debug|x64
		{83FDBEFF-A8A1-4072-8AD7-B11AF037C6FB}.Debug|x86.ActiveCfg = Debug|Win32
		{83FDBEFF-A8A1-4072-8AD7-B11AF037C6FB}.Debug|x86.Build.0 = Debug|Win32
		{83FDBEFF-A8A1-4072-8AD7-B11AF037C6FB}.Release|x64.ActiveCfg = Release|x64
		{83FDBEFF-A8A1-4072-8AD7-B11AF037C6FB}.Release|x64.Build.0 = Release|x64
		{83FDBEFF-A8A1-4072-8AD7-B11AF037C6FB}.Release|x86.ActiveCfg = Release|Win32
		{83FDBEFF-A8A1-4072-8AD7-B11AF037C6FB}.Release|x86.Build.0 = Release|Win32
		{F0C85C0D-76DC-42CD-95D1-EA146F60ED20}.Debug|x64.ActiveCfg = Debug|x64
		{F0C85C0D-76DC-42CD-95D1-EA146F60ED20}.Debug|x64.Build.0 = Debug|x64
		{F0C85C0D-76DC-42CD-95D1-EA146F60ED20}.Debug|x86.ActiveCfg = Debug|Win32
		{F0C85C0D-76DC-42CD-95D1-EA146F60ED20}.Debug|x86.Build.0 = Debug|Win32
		{F0C85C0D-76DC-42CD-95D1-EA146F60ED20}.Release|x64.ActiveCfg = Release|x64
		{F0C85C0D-76DC-42CD-95D1-EA146F60ED20}.Release|x64.Build.0 = Release|x64
		{F0C85C0D-76DC-42CD-95D1-EA146F60ED20}.Release|x86.ActiveCfg = Release|Win32
		{F0C85C0D-76DC-42CD-95D1-EA146F60ED20}.Release|x86.Build.0 = Release|Win32
		{6C13754E-3303-44D1-B953-1EDD77F27F47}.Debug|x64.ActiveCfg = Debug|x64
		{6C13754E-3303-44D1-B953-1EDD77F27F47}.Debug|x64.Build.0 = Debug|x64
		{6C13754E-3303-44D1-B953-1EDD77F27F47}.Debug|x86.ActiveCfg = Debug|Win32
		{6C13754E-3303-44D1-B953-1EDD77F27F47}.Debug|x86.Build.0 = Debug|Win32
		{6C13754E-3303-44D1-B953-1EDD77F27F47}.Release|x64.ActiveCfg = Release|x64
		{6C13754E-3303-44D1-B953-1EDD77F27F47}.Release|x64.Build.0 = Release|x64
		{6C13754E-3303-44D1-B953-1EDD77F27F47}.Release|x86.ActiveCfg = Release|Win32
		{6C13754E-3303-44D1-B953-1EDD77F27F47}.Release|x86.Build.0 = Release|Win32
		{F05E0871-5A1B-4D26-A5DB-9D0A7D4928E8}.Debug|x64.ActiveCfg = Debug|x64
		{F05E0871-5A1B-4D26-A5DB-9D0A7D4928E8}.Debug|x64.Build.0 = Debug|x64
		{F05E0871-5A1B-4D26-A5DB-9D0A7D4928E8}.Debug|x86.ActiveCfg = Debug|Win32
		{F05E0871-5A1B-4D26-A5DB-9D0A7D4928E8}.Debug|x86.Build.0 = Debug|Win32
		{F05E0871-5A1B-4D26-A5DB-9D0A7D4928E8}.Release|x64.ActiveCfg = Release|x64
		{F05E0871-5A1B-4D26-A5DB-9D0A7D4928E8}.Release|x64.Build.0 = Release|x64
		{F05E0871-5A1B-4D26-A5DB-9D0A7D4928E8}.Release|x86.ActiveCfg = Release|Win32
		{F05E0871-5A1B-4D26-A5DB-9D0A7D4928E8}.Release|x86.Build.0 = Release|Win32
		{54D1A525-BE9E-464E-B7EF-9C4A1B5A1D7D}.Debug|x64.ActiveCfg = Debug|x64
		{54D1A525-BE9E-464E-B7EF-9C4A1B5A1D7D}.Debug|x64.Build.0 = Debug|x64
		{54D1A525-BE9E-464E-B7EF-9C4A1B5A1D7D}.Debug|x86.ActiveCfg = Debug|Win32
		{54D1A525-BE9E-464E-B7EF-9C4A1B5A1D7D}.Debug|x86.Build.0 = Debug|Win32
		{54D1A525-BE9E-464E-B7EF-9C4A1B5A1D7D}.Release|x64.ActiveCfg = Release|x64
		{54D1A525-BE9E-464E-B7EF-9C4A1B5A1D7D}.Release|x64.Build.0 = Release|x64
		{54D1A525-BE9E-464E-B7EF-9C4A1B5A1D7D}.Release|x86.ActiveCfg = Release|Win32
		{54D1A525-BE9E-464E-B7EF-9C4A1B5A1D7D}.Release|x86.Build.0 = Release|Win32
		{B90C6D13-D855-40E9-8763-EAFC285AFBE2}.Debug|x64.ActiveCfg = Debug|x64
		{B90C6D13-D855-40E9-8763-EAFC285AFBE2}.Debug|x64.Build.0 = Debug|x64
		{B90C6D13-D855-40E9-8763-EAFC285AFBE2}.Debug|x86.ActiveCfg = Debug|Win32
		{B90C6D13-D855-40E9-8763-EAFC285AFBE2}.Debug|x86.Build.0 = Debug|Win32
		{B90C6D13-D855-40E9-8763-EAFC285AFBE2}.Release|x64.ActiveCfg = Release|x64
		{B90C6D13-D855-40E9-8763-EAFC285AFBE2}.Release|x64.Build.0 = Release|x64
		{B90C6D13-D855-40E9-8763-EAFC285AFBE2}.Release|x86.ActiveCfg = Release|Win32
		{B90C6D13-D855-40E9-8763-EAFC285AFBE2}.Release|x86.Build.0 = Release|Win32
		{048A903D-0224-4C54-AE51-EB1107ACA6D1}.Debug|x64.ActiveCfg = Debug|x64
		{048A903D-0224-4C54-AE51-EB1107ACA6D1}.Debug|x64.Build.0 = Debug|x64
		{048A903D-0224-4C54-AE51-EB1107ACA6D1}.Debug|x86.ActiveCfg = Debug|Win32
		{048A903D-0224-4C54-AE51-EB1107ACA6D1}.Debug|x86.Build.0 = Debug|Win32
		{048A903D-0224-4C54-AE51-EB1107ACA6D1}.Release|x64.ActiveCfg = Release|x64
		{048A903D-0224-4C54-AE51-EB1107ACA6D1}.Release|x64.Build.0 = Release|x64
		{048A903D-0224-4C54-AE51-EB1107ACA6D1}.Release|x86.ActiveCfg = Release|Win32
		{048A903D-0224-4C54-AE51-EB1107ACA6D1}.Release|x86.Build.0 = Release|Win32
		{A9E78084-25D8-42B9-ACE3-037132720D90}.Debug|x64.ActiveCfg = Debug|x64
		{A9E78084-25D8-42B9-ACE3-037132720D90}.Debug|x64.Build.0 = Debug|x64
		{A9E78084-25D8-42B9-ACE3-037132720D90}.Debug|x86.ActiveCfg = Debug|Win32
		{A9E78084-25D8-42B9-ACE3-037132720D90}.Debug|x86.Build.0 = Debug|Win32
		{A9E78084-25D8-42B9-ACE3-037132720D90}.Release|x64.ActiveCfg = Release|x64
		{A9E78084-25D8-42B9-ACE3-037132720D90}.Release|x64.Build.0 = Release|x64
		{A9E78084-25D8-42B9-ACE3-037132720D90}.Release|x86.ActiveCfg = Release|Win32
		{A9E78084-25D8-42B9-ACE3-037132720D90}.Release|x86.Build.0 = Release|Win32
		{F0BE89F6-57B2-42D8-A82B-C148C8EB0F90}.Debug|x64.ActiveCfg = Debug|x64
		{F0BE89F6-57B2-42D8-A82B-C148C8EB0F90}.Debug|x64.Build.0 = Debug|x64
		{F0BE89F6-57B2-42D8-A82B-C148C8EB0F90}.Debug|x86.ActiveCfg = Debug|Win32
		{F0BE89F6-57B2-42D8-A82B-C148C8EB0F90}.Debug|x86.Build.0 = Debug|Win32
		{F0BE89F6-57B2-42D8-A82B-C148C8EB0F90}.Release|x64.ActiveCfg = Release|x64
		{F0BE89F6-57B2-42D8-A82B-C148C8EB0F90}.Release|x64.Build.0 = Release|x64
		{F0BE89F6-57B2-42D8-A82B-C148C8EB0F90}.Release|x86.ActiveCfg = Release|Win32
		{F0BE89F6-57B2-42D8-A82B-C148C8EB0F90}.Release|x86.Build.0 = Release|Win32
		{5630AF3E-4CFA-4D67-9F80-351F43C13EEB}.Debug|x64.ActiveCfg = Debug|x64
		{5630AF3E-4CFA-4D67-9F80-351F43C13EEB}.Debug|x64.Build.0 = Debug|x64
		{5630AF3E-4CFA-4D67-9F80-351F43C13EEB}.Debug|x86.ActiveCfg = Debug|Win32
		{5630AF3E-4CFA-4D67-9F80-351F43C13EEB}.Debug|x86.Build.0 = Debug|Win32
		{5630AF3E-4CFA-4D67-9F80-351F43C13EEB}.Release|x64.ActiveCfg = Release|x64
		{5630AF3E-4CFA-4D67-9F80-351F43C13EEB}.Release|x64.Build.0 = Release|x64
		{5630AF3E-4CFA-4D67-9F80-351F43C13EEB}.Release|x86.ActiveCfg = Release|Win32
		{5630AF3E-4CFA-4D67-9F80-351F43C13EEB}.Release|x86.Build.0 = Release|Win32
		{046DCE06-DCA8-4B1B-BA85-39267AB37CEA}.Debug|x64.ActiveCfg = Debug|x64
		{046DCE06-DCA8-4B1B-BA85-39267AB37CEA}.Debug|x64.Build.0 = Debug|x64
		{046DCE06-DCA8-4B1B-BA85-39267AB37CEA}.Debug|x86.ActiveCfg = Debug|Win32
		{046DCE06-DCA8-4B1B-BA85-39267AB37CEA}.Debug|x86.Build.0 = Debug|Win32
		{046DCE06-DCA8-4B1B-BA85-39267AB37CEA}.Release|x64.ActiveCfg = Release|x64
		{046DCE06-DCA8-4B1B-BA85-39267AB37CEA}.Release|x64.Build.0 = Release|x64
		{046DCE06-DCA8-4B1B-BA85-39267AB37CEA}.Release|x86.ActiveCfg = Release|Win32
		{046DCE06-DCA8-4B1B-BA85-39267AB37CEA}.Release|x86.Build.0 = Release|Win32
		{EA02BF02-4FAB-472F-B88D-680878D2E9AB}.Debug|x64.ActiveCfg = Debug|x64
		{EA02BF02-4FAB-472F-B88D-680878D2E9AB}.Debug|x64.Build.0 = Debug|x64
		{EA02BF02-4FAB-472F-B88D-680878D2E9AB}.Debug|x86.ActiveCfg = Debug|Win32
		{EA02BF02-4FAB-472F-B88D-680878D2E9AB}.Debug|x86.Build.0 = Debug|Win32
		{EA02BF02-4FAB-472F-B88D-680878D2E9AB}.Release|x64.ActiveCfg = Release|x64
		{EA02BF02-4FAB-472F-B88D-680878D2E9AB}.Release|x64.Build.0 = Release|x64
		{EA02BF02-4FAB-472F-B88D-680878D2E9AB}.Release|x86.ActiveCfg = Release|Win32
		{EA02BF02-4FAB-472F-B88D-680878D2E9AB}.Release|x86.Build.0 = Release|Win32
	EndGlobalSection
	GlobalSection(SolutionProperties) = preSolution
		HideSolutionNode = FALSE
	EndGlobalSection
	GlobalSection(ExtensibilityGlobals) = postSolution
		SolutionGuid = {E4793D40-20E7-4106-B159-8468ECE70B53}
	EndGlobalSection
EndGlobal
